
Microsoft Visual Studio Solution File, Format Version 12.00
# Visual Studio Version 16
VisualStudioVersion = 16.0.30406.217
MinimumVisualStudioVersion = 10.0.40219.1
Project("{9A19103F-16F7-4668-BE54-9A1E7A4F7556}") = "DotNet.Plus", "DotNet.Plus\DotNet.Plus.csproj", "{1B7FDCC5-E44A-4826-B736-3D55CABC579E}"
EndProject
Project("{FAE04EC0-301F-11D3-BF4B-00C04F79EFBC}") = "DotNet.Plus.Test", "DotNet.Plus.Test\DotNet.Plus.Test.csproj", "{6FE8E67D-B8CE-47F7-8BB3-1722074D28FE}"
EndProject
Global
	GlobalSection(SolutionConfigurationPlatforms) = preSolution
		Debug|Any CPU = Debug|Any CPU
		Release|Any CPU = Release|Any CPU
	EndGlobalSection
	GlobalSection(ProjectConfigurationPlatforms) = postSolution
		{1B7FDCC5-E44A-4826-B736-3D55CABC579E}.Debug|Any CPU.ActiveCfg = Debug|Any CPU
		{1B7FDCC5-E44A-4826-B736-3D55CABC579E}.Debug|Any CPU.Build.0 = Debug|Any CPU
		{1B7FDCC5-E44A-4826-B736-3D55CABC579E}.Release|Any CPU.ActiveCfg = Release|Any CPU
		{1B7FDCC5-E44A-4826-B736-3D55CABC579E}.Release|Any CPU.Build.0 = Release|Any CPU
		{6FE8E67D-B8CE-47F7-8BB3-1722074D28FE}.Debug|Any CPU.ActiveCfg = Debug|Any CPU
		{6FE8E67D-B8CE-47F7-8BB3-1722074D28FE}.Debug|Any CPU.Build.0 = Debug|Any CPU
		{6FE8E67D-B8CE-47F7-8BB3-1722074D28FE}.Release|Any CPU.ActiveCfg = Release|Any CPU
		{6FE8E67D-B8CE-47F7-8BB3-1722074D28FE}.Release|Any CPU.Build.0 = Release|Any CPU
	EndGlobalSection
	GlobalSection(SolutionProperties) = preSolution
		HideSolutionNode = FALSE
	EndGlobalSection
	GlobalSection(ExtensibilityGlobals) = postSolution
		SolutionGuid = {A990C6B3-1667-4630-BF6F-38BC273BEA2A}
	EndGlobalSection
EndGlobal
